// !$*UTF8*$!
{
	archiveVersion = 1;
	classes = {
	};
	objectVersion = 51;
	objects = {

/* Begin PBXBuildFile section */
		DDEDA0266E8FB5A6BFC99D1E /* Pods_LetsMeet.framework in Frameworks */ = {isa = PBXBuildFile; fileRef = CC59DF4BF1EB0B78028F30F5 /* Pods_LetsMeet.framework */; };
		EB36E21026BB7587002FFF1F /* WelcomeViewController.swift in Sources */ = {isa = PBXBuildFile; fileRef = EB36E20F26BB7587002FFF1F /* WelcomeViewController.swift */; };
		EB36E21326BB75B3002FFF1F /* RegisterViewController.swift in Sources */ = {isa = PBXBuildFile; fileRef = EB36E21226BB75B3002FFF1F /* RegisterViewController.swift */; };
		EB4AC04826C62D2C00BE4E7F /* FileStorage.swift in Sources */ = {isa = PBXBuildFile; fileRef = EB4AC04726C62D2C00BE4E7F /* FileStorage.swift */; };
		EB51479826CB753D000C62FA /* CardViewController.swift in Sources */ = {isa = PBXBuildFile; fileRef = EB51479726CB753D000C62FA /* CardViewController.swift */; };
		EB516A4B26BCD02900B90CD7 /* Constants.swift in Sources */ = {isa = PBXBuildFile; fileRef = EB516A4A26BCD02900B90CD7 /* Constants.swift */; };
		EB51FFF926C364C1006ABD1B /* Extensions.swift in Sources */ = {isa = PBXBuildFile; fileRef = EB51FFF826C364C1006ABD1B /* Extensions.swift */; };
		EB532BC326CD0D0F007042B7 /* MyUserTableViewCell.swift in Sources */ = {isa = PBXBuildFile; fileRef = EB532BC226CD0D0F007042B7 /* MyUserTableViewCell.swift */; };
		EB55DAF126C2295000EC5663 /* ProfileTableViewController.swift in Sources */ = {isa = PBXBuildFile; fileRef = EB55DAF026C2295000EC5663 /* ProfileTableViewController.swift */; };
		EB5BE8F826CE12F500E8EAA9 /* UserCardModel.swift in Sources */ = {isa = PBXBuildFile; fileRef = EB5BE8F726CE12F500E8EAA9 /* UserCardModel.swift */; };
		EB5FA18726CCC41C00A12AD7 /* CardTableViewController.swift in Sources */ = {isa = PBXBuildFile; fileRef = EB5FA18626CCC41C00A12AD7 /* CardTableViewController.swift */; };
		EB6AD25F26BF64990064D6FE /* FcollectionReference.swift in Sources */ = {isa = PBXBuildFile; fileRef = EB6AD25E26BF64990064D6FE /* FcollectionReference.swift */; };
		EB6AD26226BF68220064D6FE /* FirebaseListener.swift in Sources */ = {isa = PBXBuildFile; fileRef = EB6AD26126BF68220064D6FE /* FirebaseListener.swift */; };
		EB963F8326B8D22300B34C19 /* GoogleService-Info.plist in Resources */ = {isa = PBXBuildFile; fileRef = EB963F8226B8D22300B34C19 /* GoogleService-Info.plist */; };
		EB97BDB326B7C0E700200F0A /* AppDelegate.swift in Sources */ = {isa = PBXBuildFile; fileRef = EB97BDB226B7C0E700200F0A /* AppDelegate.swift */; };
		EB97BDB526B7C0E700200F0A /* SceneDelegate.swift in Sources */ = {isa = PBXBuildFile; fileRef = EB97BDB426B7C0E700200F0A /* SceneDelegate.swift */; };
		EB97BDBA26B7C0E700200F0A /* Main.storyboard in Resources */ = {isa = PBXBuildFile; fileRef = EB97BDB826B7C0E700200F0A /* Main.storyboard */; };
		EB97BDBC26B7C0E900200F0A /* Assets.xcassets in Resources */ = {isa = PBXBuildFile; fileRef = EB97BDBB26B7C0E900200F0A /* Assets.xcassets */; };
		EB97BDBF26B7C0E900200F0A /* LaunchScreen.storyboard in Resources */ = {isa = PBXBuildFile; fileRef = EB97BDBD26B7C0E900200F0A /* LaunchScreen.storyboard */; };
		EBE2FF3C26BBE87900295DBA /* FUser.swift in Sources */ = {isa = PBXBuildFile; fileRef = EBE2FF3B26BBE87900295DBA /* FUser.swift */; };
/* End PBXBuildFile section */

/* Begin PBXFileReference section */
		08A427A1EAE70F072D4A8C16 /* Pods-LetsMeet.release.xcconfig */ = {isa = PBXFileReference; includeInIndex = 1; lastKnownFileType = text.xcconfig; name = "Pods-LetsMeet.release.xcconfig"; path = "Target Support Files/Pods-LetsMeet/Pods-LetsMeet.release.xcconfig"; sourceTree = "<group>"; };
		3F251137C39D8360768E2291 /* Pods-LetsMeet.debug.xcconfig */ = {isa = PBXFileReference; includeInIndex = 1; lastKnownFileType = text.xcconfig; name = "Pods-LetsMeet.debug.xcconfig"; path = "Target Support Files/Pods-LetsMeet/Pods-LetsMeet.debug.xcconfig"; sourceTree = "<group>"; };
		CC59DF4BF1EB0B78028F30F5 /* Pods_LetsMeet.framework */ = {isa = PBXFileReference; explicitFileType = wrapper.framework; includeInIndex = 0; path = Pods_LetsMeet.framework; sourceTree = BUILT_PRODUCTS_DIR; };
		EB36E20F26BB7587002FFF1F /* WelcomeViewController.swift */ = {isa = PBXFileReference; lastKnownFileType = sourcecode.swift; path = WelcomeViewController.swift; sourceTree = "<group>"; };
		EB36E21226BB75B3002FFF1F /* RegisterViewController.swift */ = {isa = PBXFileReference; lastKnownFileType = sourcecode.swift; path = RegisterViewController.swift; sourceTree = "<group>"; };
		EB4AC04726C62D2C00BE4E7F /* FileStorage.swift */ = {isa = PBXFileReference; lastKnownFileType = sourcecode.swift; path = FileStorage.swift; sourceTree = "<group>"; };
		EB51479726CB753D000C62FA /* CardViewController.swift */ = {isa = PBXFileReference; lastKnownFileType = sourcecode.swift; path = CardViewController.swift; sourceTree = "<group>"; };
		EB516A4A26BCD02900B90CD7 /* Constants.swift */ = {isa = PBXFileReference; lastKnownFileType = sourcecode.swift; path = Constants.swift; sourceTree = "<group>"; };
		EB51FFF826C364C1006ABD1B /* Extensions.swift */ = {isa = PBXFileReference; lastKnownFileType = sourcecode.swift; path = Extensions.swift; sourceTree = "<group>"; };
		EB532BC226CD0D0F007042B7 /* MyUserTableViewCell.swift */ = {isa = PBXFileReference; lastKnownFileType = sourcecode.swift; path = MyUserTableViewCell.swift; sourceTree = "<group>"; };
		EB55DAF026C2295000EC5663 /* ProfileTableViewController.swift */ = {isa = PBXFileReference; lastKnownFileType = sourcecode.swift; path = ProfileTableViewController.swift; sourceTree = "<group>"; };
		EB5BE8F726CE12F500E8EAA9 /* UserCardModel.swift */ = {isa = PBXFileReference; lastKnownFileType = sourcecode.swift; path = UserCardModel.swift; sourceTree = "<group>"; };
		EB5FA18626CCC41C00A12AD7 /* CardTableViewController.swift */ = {isa = PBXFileReference; lastKnownFileType = sourcecode.swift; path = CardTableViewController.swift; sourceTree = "<group>"; };
		EB6AD25E26BF64990064D6FE /* FcollectionReference.swift */ = {isa = PBXFileReference; lastKnownFileType = sourcecode.swift; path = FcollectionReference.swift; sourceTree = "<group>"; };
		EB6AD26126BF68220064D6FE /* FirebaseListener.swift */ = {isa = PBXFileReference; lastKnownFileType = sourcecode.swift; path = FirebaseListener.swift; sourceTree = "<group>"; };
		EB963F8226B8D22300B34C19 /* GoogleService-Info.plist */ = {isa = PBXFileReference; fileEncoding = 4; lastKnownFileType = text.plist.xml; path = "GoogleService-Info.plist"; sourceTree = "<group>"; };
		EB97BDAF26B7C0E700200F0A /* LetsMeet.app */ = {isa = PBXFileReference; explicitFileType = wrapper.application; includeInIndex = 0; path = LetsMeet.app; sourceTree = BUILT_PRODUCTS_DIR; };
		EB97BDB226B7C0E700200F0A /* AppDelegate.swift */ = {isa = PBXFileReference; lastKnownFileType = sourcecode.swift; path = AppDelegate.swift; sourceTree = "<group>"; };
		EB97BDB426B7C0E700200F0A /* SceneDelegate.swift */ = {isa = PBXFileReference; lastKnownFileType = sourcecode.swift; path = SceneDelegate.swift; sourceTree = "<group>"; };
		EB97BDB926B7C0E700200F0A /* Base */ = {isa = PBXFileReference; lastKnownFileType = file.storyboard; name = Base; path = Base.lproj/Main.storyboard; sourceTree = "<group>"; };
		EB97BDBB26B7C0E900200F0A /* Assets.xcassets */ = {isa = PBXFileReference; lastKnownFileType = folder.assetcatalog; path = Assets.xcassets; sourceTree = "<group>"; };
		EB97BDBE26B7C0E900200F0A /* Base */ = {isa = PBXFileReference; lastKnownFileType = file.storyboard; name = Base; path = Base.lproj/LaunchScreen.storyboard; sourceTree = "<group>"; };
		EB97BDC026B7C0E900200F0A /* Info.plist */ = {isa = PBXFileReference; lastKnownFileType = text.plist.xml; path = Info.plist; sourceTree = "<group>"; };
		EBE2FF3B26BBE87900295DBA /* FUser.swift */ = {isa = PBXFileReference; lastKnownFileType = sourcecode.swift; path = FUser.swift; sourceTree = "<group>"; };
/* End PBXFileReference section */

/* Begin PBXFrameworksBuildPhase section */
		EB97BDAC26B7C0E700200F0A /* Frameworks */ = {
			isa = PBXFrameworksBuildPhase;
			buildActionMask = 2147483647;
			files = (
				DDEDA0266E8FB5A6BFC99D1E /* Pods_LetsMeet.framework in Frameworks */,
			);
			runOnlyForDeploymentPostprocessing = 0;
		};
/* End PBXFrameworksBuildPhase section */

/* Begin PBXGroup section */
		B17AD2EC08BDDD5CD36905A3 /* Frameworks */ = {
			isa = PBXGroup;
			children = (
				CC59DF4BF1EB0B78028F30F5 /* Pods_LetsMeet.framework */,
			);
			name = Frameworks;
			sourceTree = "<group>";
		};
		C6EA17B191E5BB6112F45A4C /* Pods */ = {
			isa = PBXGroup;
			children = (
				3F251137C39D8360768E2291 /* Pods-LetsMeet.debug.xcconfig */,
				08A427A1EAE70F072D4A8C16 /* Pods-LetsMeet.release.xcconfig */,
			);
			path = Pods;
			sourceTree = "<group>";
		};
		EB516A4926BCD01700B90CD7 /* Utilities */ = {
			isa = PBXGroup;
			children = (
				EB516A4A26BCD02900B90CD7 /* Constants.swift */,
				EB6AD25E26BF64990064D6FE /* FcollectionReference.swift */,
				EB6AD26126BF68220064D6FE /* FirebaseListener.swift */,
				EB51FFF826C364C1006ABD1B /* Extensions.swift */,
			);
			path = Utilities;
			sourceTree = "<group>";
		};
		EB97BDA626B7C0E700200F0A = {
			isa = PBXGroup;
			children = (
				EB97BDB126B7C0E700200F0A /* LetsMeet */,
				EB97BDB026B7C0E700200F0A /* Products */,
				C6EA17B191E5BB6112F45A4C /* Pods */,
				B17AD2EC08BDDD5CD36905A3 /* Frameworks */,
			);
			sourceTree = "<group>";
		};
		EB97BDB026B7C0E700200F0A /* Products */ = {
			isa = PBXGroup;
			children = (
				EB97BDAF26B7C0E700200F0A /* LetsMeet.app */,
			);
			name = Products;
			sourceTree = "<group>";
		};
		EB97BDB126B7C0E700200F0A /* LetsMeet */ = {
			isa = PBXGroup;
			children = (
				EBACB0D526CC966C00DEF19B /* Models */,
				EB516A4926BCD01700B90CD7 /* Utilities */,
				EBE2FF3F26BBED5500295DBA /* FirebaseServices */,
				EBE2FF3E26BBED4200295DBA /* Controllers */,
				EB97BDB226B7C0E700200F0A /* AppDelegate.swift */,
				EB97BDB426B7C0E700200F0A /* SceneDelegate.swift */,
				EB97BDB826B7C0E700200F0A /* Main.storyboard */,
				EB97BDBB26B7C0E900200F0A /* Assets.xcassets */,
				EB97BDBD26B7C0E900200F0A /* LaunchScreen.storyboard */,
				EB97BDC026B7C0E900200F0A /* Info.plist */,
				EB963F8226B8D22300B34C19 /* GoogleService-Info.plist */,
			);
			path = LetsMeet;
			sourceTree = "<group>";
		};
		EBACB0D326CC960900DEF19B /* MainViewControllers */ = {
			isa = PBXGroup;
			children = (
				EB55DAF026C2295000EC5663 /* ProfileTableViewController.swift */,
				EB51479726CB753D000C62FA /* CardViewController.swift */,
				EB5FA18626CCC41C00A12AD7 /* CardTableViewController.swift */,
				EB532BC226CD0D0F007042B7 /* MyUserTableViewCell.swift */,
			);
			path = MainViewControllers;
			sourceTree = "<group>";
		};
		EBACB0D526CC966C00DEF19B /* Models */ = {
			isa = PBXGroup;
			children = (
				EB5BE8F726CE12F500E8EAA9 /* UserCardModel.swift */,
			);
			path = Models;
			sourceTree = "<group>";
		};
		EBE2FF3E26BBED4200295DBA /* Controllers */ = {
			isa = PBXGroup;
			children = (
				EB36E21226BB75B3002FFF1F /* RegisterViewController.swift */,
				EB36E20F26BB7587002FFF1F /* WelcomeViewController.swift */,
				EBACB0D326CC960900DEF19B /* MainViewControllers */,
			);
			path = Controllers;
			sourceTree = "<group>";
		};
		EBE2FF3F26BBED5500295DBA /* FirebaseServices */ = {
			isa = PBXGroup;
			children = (
				EBE2FF3B26BBE87900295DBA /* FUser.swift */,
				EB4AC04726C62D2C00BE4E7F /* FileStorage.swift */,
			);
			path = FirebaseServices;
			sourceTree = "<group>";
		};
/* End PBXGroup section */

/* Begin PBXNativeTarget section */
		EB97BDAE26B7C0E700200F0A /* LetsMeet */ = {
			isa = PBXNativeTarget;
			buildConfigurationList = EB97BDC326B7C0E900200F0A /* Build configuration list for PBXNativeTarget "LetsMeet" */;
			buildPhases = (
				C9AF8C0E6B544C3A7192B0C5 /* [CP] Check Pods Manifest.lock */,
				EB97BDAB26B7C0E700200F0A /* Sources */,
				EB97BDAC26B7C0E700200F0A /* Frameworks */,
				EB97BDAD26B7C0E700200F0A /* Resources */,
				25FFBB436B15FF158EE4A9BB /* [CP] Embed Pods Frameworks */,
			);
			buildRules = (
			);
			dependencies = (
			);
			name = LetsMeet;
			productName = LetsMeet;
			productReference = EB97BDAF26B7C0E700200F0A /* LetsMeet.app */;
			productType = "com.apple.product-type.application";
		};
/* End PBXNativeTarget section */

/* Begin PBXProject section */
		EB97BDA726B7C0E700200F0A /* Project object */ = {
			isa = PBXProject;
			attributes = {
				LastSwiftUpdateCheck = 1220;
				LastUpgradeCheck = 1220;
				TargetAttributes = {
					EB97BDAE26B7C0E700200F0A = {
						CreatedOnToolsVersion = 12.2;
					};
				};
			};
			buildConfigurationList = EB97BDAA26B7C0E700200F0A /* Build configuration list for PBXProject "LetsMeet" */;
			compatibilityVersion = "Xcode 9.3";
			developmentRegion = en;
			hasScannedForEncodings = 0;
			knownRegions = (
				en,
				Base,
			);
			mainGroup = EB97BDA626B7C0E700200F0A;
			productRefGroup = EB97BDB026B7C0E700200F0A /* Products */;
			projectDirPath = "";
			projectRoot = "";
			targets = (
				EB97BDAE26B7C0E700200F0A /* LetsMeet */,
			);
		};
/* End PBXProject section */

/* Begin PBXResourcesBuildPhase section */
		EB97BDAD26B7C0E700200F0A /* Resources */ = {
			isa = PBXResourcesBuildPhase;
			buildActionMask = 2147483647;
			files = (
				EB963F8326B8D22300B34C19 /* GoogleService-Info.plist in Resources */,
				EB97BDBF26B7C0E900200F0A /* LaunchScreen.storyboard in Resources */,
				EB97BDBC26B7C0E900200F0A /* Assets.xcassets in Resources */,
				EB97BDBA26B7C0E700200F0A /* Main.storyboard in Resources */,
			);
			runOnlyForDeploymentPostprocessing = 0;
		};
/* End PBXResourcesBuildPhase section */

/* Begin PBXShellScriptBuildPhase section */
		25FFBB436B15FF158EE4A9BB /* [CP] Embed Pods Frameworks */ = {
			isa = PBXShellScriptBuildPhase;
			buildActionMask = 2147483647;
			files = (
			);
			inputFileListPaths = (
				"${PODS_ROOT}/Target Support Files/Pods-LetsMeet/Pods-LetsMeet-frameworks-${CONFIGURATION}-input-files.xcfilelist",
			);
			name = "[CP] Embed Pods Frameworks";
			outputFileListPaths = (
				"${PODS_ROOT}/Target Support Files/Pods-LetsMeet/Pods-LetsMeet-frameworks-${CONFIGURATION}-output-files.xcfilelist",
			);
			runOnlyForDeploymentPostprocessing = 0;
			shellPath = /bin/sh;
			shellScript = "\"${PODS_ROOT}/Target Support Files/Pods-LetsMeet/Pods-LetsMeet-frameworks.sh\"\n";
			showEnvVarsInLog = 0;
		};
		C9AF8C0E6B544C3A7192B0C5 /* [CP] Check Pods Manifest.lock */ = {
			isa = PBXShellScriptBuildPhase;
			buildActionMask = 2147483647;
			files = (
			);
			inputFileListPaths = (
			);
			inputPaths = (
				"${PODS_PODFILE_DIR_PATH}/Podfile.lock",
				"${PODS_ROOT}/Manifest.lock",
			);
			name = "[CP] Check Pods Manifest.lock";
			outputFileListPaths = (
			);
			outputPaths = (
				"$(DERIVED_FILE_DIR)/Pods-LetsMeet-checkManifestLockResult.txt",
			);
			runOnlyForDeploymentPostprocessing = 0;
			shellPath = /bin/sh;
			shellScript = "diff \"${PODS_PODFILE_DIR_PATH}/Podfile.lock\" \"${PODS_ROOT}/Manifest.lock\" > /dev/null\nif [ $? != 0 ] ; then\n    # print error to STDERR\n    echo \"error: The sandbox is not in sync with the Podfile.lock. Run 'pod install' or update your CocoaPods installation.\" >&2\n    exit 1\nfi\n# This output is used by Xcode 'outputs' to avoid re-running this script phase.\necho \"SUCCESS\" > \"${SCRIPT_OUTPUT_FILE_0}\"\n";
			showEnvVarsInLog = 0;
		};
/* End PBXShellScriptBuildPhase section */

/* Begin PBXSourcesBuildPhase section */
		EB97BDAB26B7C0E700200F0A /* Sources */ = {
			isa = PBXSourcesBuildPhase;
			buildActionMask = 2147483647;
			files = (
				EB55DAF126C2295000EC5663 /* ProfileTableViewController.swift in Sources */,
				EB4AC04826C62D2C00BE4E7F /* FileStorage.swift in Sources */,
				EB5BE8F826CE12F500E8EAA9 /* UserCardModel.swift in Sources */,
				EB6AD26226BF68220064D6FE /* FirebaseListener.swift in Sources */,
				EBE2FF3C26BBE87900295DBA /* FUser.swift in Sources */,
				EB5FA18726CCC41C00A12AD7 /* CardTableViewController.swift in Sources */,
				EB36E21026BB7587002FFF1F /* WelcomeViewController.swift in Sources */,
				EB97BDB326B7C0E700200F0A /* AppDelegate.swift in Sources */,
				EB51FFF926C364C1006ABD1B /* Extensions.swift in Sources */,
				EB532BC326CD0D0F007042B7 /* MyUserTableViewCell.swift in Sources */,
				EB97BDB526B7C0E700200F0A /* SceneDelegate.swift in Sources */,
				EB51479826CB753D000C62FA /* CardViewController.swift in Sources */,
				EB6AD25F26BF64990064D6FE /* FcollectionReference.swift in Sources */,
				EB36E21326BB75B3002FFF1F /* RegisterViewController.swift in Sources */,
				EB516A4B26BCD02900B90CD7 /* Constants.swift in Sources */,
			);
			runOnlyForDeploymentPostprocessing = 0;
		};
/* End PBXSourcesBuildPhase section */

/* Begin PBXVariantGroup section */
		EB97BDB826B7C0E700200F0A /* Main.storyboard */ = {
			isa = PBXVariantGroup;
			children = (
				EB97BDB926B7C0E700200F0A /* Base */,
			);
			name = Main.storyboard;
			sourceTree = "<group>";
		};
		EB97BDBD26B7C0E900200F0A /* LaunchScreen.storyboard */ = {
			isa = PBXVariantGroup;
			children = (
				EB97BDBE26B7C0E900200F0A /* Base */,
			);
			name = LaunchScreen.storyboard;
			sourceTree = "<group>";
		};
/* End PBXVariantGroup section */

/* Begin XCBuildConfiguration section */
		EB97BDC126B7C0E900200F0A /* Debug */ = {
			isa = XCBuildConfiguration;
			buildSettings = {
				ALWAYS_SEARCH_USER_PATHS = NO;
				CLANG_ANALYZER_NONNULL = YES;
				CLANG_ANALYZER_NUMBER_OBJECT_CONVERSION = YES_AGGRESSIVE;
				CLANG_CXX_LANGUAGE_STANDARD = "gnu++14";
				CLANG_CXX_LIBRARY = "libc++";
				CLANG_ENABLE_MODULES = YES;
				CLANG_ENABLE_OBJC_ARC = YES;
				CLANG_ENABLE_OBJC_WEAK = YES;
				CLANG_WARN_BLOCK_CAPTURE_AUTORELEASING = YES;
				CLANG_WARN_BOOL_CONVERSION = YES;
				CLANG_WARN_COMMA = YES;
				CLANG_WARN_CONSTANT_CONVERSION = YES;
				CLANG_WARN_DEPRECATED_OBJC_IMPLEMENTATIONS = YES;
				CLANG_WARN_DIRECT_OBJC_ISA_USAGE = YES_ERROR;
				CLANG_WARN_DOCUMENTATION_COMMENTS = YES;
				CLANG_WARN_EMPTY_BODY = YES;
				CLANG_WARN_ENUM_CONVERSION = YES;
				CLANG_WARN_INFINITE_RECURSION = YES;
				CLANG_WARN_INT_CONVERSION = YES;
				CLANG_WARN_NON_LITERAL_NULL_CONVERSION = YES;
				CLANG_WARN_OBJC_IMPLICIT_RETAIN_SELF = YES;
				CLANG_WARN_OBJC_LITERAL_CONVERSION = YES;
				CLANG_WARN_OBJC_ROOT_CLASS = YES_ERROR;
				CLANG_WARN_QUOTED_INCLUDE_IN_FRAMEWORK_HEADER = YES;
				CLANG_WARN_RANGE_LOOP_ANALYSIS = YES;
				CLANG_WARN_STRICT_PROTOTYPES = YES;
				CLANG_WARN_SUSPICIOUS_MOVE = YES;
				CLANG_WARN_UNGUARDED_AVAILABILITY = YES_AGGRESSIVE;
				CLANG_WARN_UNREACHABLE_CODE = YES;
				CLANG_WARN__DUPLICATE_METHOD_MATCH = YES;
				COPY_PHASE_STRIP = NO;
				DEBUG_INFORMATION_FORMAT = dwarf;
				ENABLE_STRICT_OBJC_MSGSEND = YES;
				ENABLE_TESTABILITY = YES;
				GCC_C_LANGUAGE_STANDARD = gnu11;
				GCC_DYNAMIC_NO_PIC = NO;
				GCC_NO_COMMON_BLOCKS = YES;
				GCC_OPTIMIZATION_LEVEL = 0;
				GCC_PREPROCESSOR_DEFINITIONS = (
					"DEBUG=1",
					"$(inherited)",
				);
				GCC_WARN_64_TO_32_BIT_CONVERSION = YES;
				GCC_WARN_ABOUT_RETURN_TYPE = YES_ERROR;
				GCC_WARN_UNDECLARED_SELECTOR = YES;
				GCC_WARN_UNINITIALIZED_AUTOS = YES_AGGRESSIVE;
				GCC_WARN_UNUSED_FUNCTION = YES;
				GCC_WARN_UNUSED_VARIABLE = YES;
				IPHONEOS_DEPLOYMENT_TARGET = 14.2;
				MTL_ENABLE_DEBUG_INFO = INCLUDE_SOURCE;
				MTL_FAST_MATH = YES;
				ONLY_ACTIVE_ARCH = YES;
				SDKROOT = iphoneos;
				SWIFT_ACTIVE_COMPILATION_CONDITIONS = DEBUG;
				SWIFT_OPTIMIZATION_LEVEL = "-Onone";
			};
			name = Debug;
		};
		EB97BDC226B7C0E900200F0A /* Release */ = {
			isa = XCBuildConfiguration;
			buildSettings = {
				ALWAYS_SEARCH_USER_PATHS = NO;
				CLANG_ANALYZER_NONNULL = YES;
				CLANG_ANALYZER_NUMBER_OBJECT_CONVERSION = YES_AGGRESSIVE;
				CLANG_CXX_LANGUAGE_STANDARD = "gnu++14";
				CLANG_CXX_LIBRARY = "libc++";
				CLANG_ENABLE_MODULES = YES;
				CLANG_ENABLE_OBJC_ARC = YES;
				CLANG_ENABLE_OBJC_WEAK = YES;
				CLANG_WARN_BLOCK_CAPTURE_AUTORELEASING = YES;
				CLANG_WARN_BOOL_CONVERSION = YES;
				CLANG_WARN_COMMA = YES;
				CLANG_WARN_CONSTANT_CONVERSION = YES;
				CLANG_WARN_DEPRECATED_OBJC_IMPLEMENTATIONS = YES;
				CLANG_WARN_DIRECT_OBJC_ISA_USAGE = YES_ERROR;
				CLANG_WARN_DOCUMENTATION_COMMENTS = YES;
				CLANG_WARN_EMPTY_BODY = YES;
				CLANG_WARN_ENUM_CONVERSION = YES;
				CLANG_WARN_INFINITE_RECURSION = YES;
				CLANG_WARN_INT_CONVERSION = YES;
				CLANG_WARN_NON_LITERAL_NULL_CONVERSION = YES;
				CLANG_WARN_OBJC_IMPLICIT_RETAIN_SELF = YES;
				CLANG_WARN_OBJC_LITERAL_CONVERSION = YES;
				CLANG_WARN_OBJC_ROOT_CLASS = YES_ERROR;
				CLANG_WARN_QUOTED_INCLUDE_IN_FRAMEWORK_HEADER = YES;
				CLANG_WARN_RANGE_LOOP_ANALYSIS = YES;
				CLANG_WARN_STRICT_PROTOTYPES = YES;
				CLANG_WARN_SUSPICIOUS_MOVE = YES;
				CLANG_WARN_UNGUARDED_AVAILABILITY = YES_AGGRESSIVE;
				CLANG_WARN_UNREACHABLE_CODE = YES;
				CLANG_WARN__DUPLICATE_METHOD_MATCH = YES;
				COPY_PHASE_STRIP = NO;
				DEBUG_INFORMATION_FORMAT = "dwarf-with-dsym";
				ENABLE_NS_ASSERTIONS = NO;
				ENABLE_STRICT_OBJC_MSGSEND = YES;
				GCC_C_LANGUAGE_STANDARD = gnu11;
				GCC_NO_COMMON_BLOCKS = YES;
				GCC_WARN_64_TO_32_BIT_CONVERSION = YES;
				GCC_WARN_ABOUT_RETURN_TYPE = YES_ERROR;
				GCC_WARN_UNDECLARED_SELECTOR = YES;
				GCC_WARN_UNINITIALIZED_AUTOS = YES_AGGRESSIVE;
				GCC_WARN_UNUSED_FUNCTION = YES;
				GCC_WARN_UNUSED_VARIABLE = YES;
				IPHONEOS_DEPLOYMENT_TARGET = 14.2;
				MTL_ENABLE_DEBUG_INFO = NO;
				MTL_FAST_MATH = YES;
				SDKROOT = iphoneos;
				SWIFT_COMPILATION_MODE = wholemodule;
				SWIFT_OPTIMIZATION_LEVEL = "-O";
				VALIDATE_PRODUCT = YES;
			};
			name = Release;
		};
		EB97BDC426B7C0E900200F0A /* Debug */ = {
			isa = XCBuildConfiguration;
			baseConfigurationReference = 3F251137C39D8360768E2291 /* Pods-LetsMeet.debug.xcconfig */;
			buildSettings = {
				ASSETCATALOG_COMPILER_APPICON_NAME = AppIcon;
				ASSETCATALOG_COMPILER_GLOBAL_ACCENT_COLOR_NAME = AccentColor;
				CODE_SIGN_STYLE = Automatic;
				DEVELOPMENT_TEAM = K924X73642;
				INFOPLIST_FILE = LetsMeet/Info.plist;
				LD_RUNPATH_SEARCH_PATHS = (
					"$(inherited)",
					"@executable_path/Frameworks",
				);
				PRODUCT_BUNDLE_IDENTIFIER = com.tanvirgeek.LetsMeet;
				PRODUCT_NAME = "$(TARGET_NAME)";
				SWIFT_VERSION = 5.0;
				TARGETED_DEVICE_FAMILY = 1;
			};
			name = Debug;
		};
		EB97BDC526B7C0E900200F0A /* Release */ = {
			isa = XCBuildConfiguration;
			baseConfigurationReference = 08A427A1EAE70F072D4A8C16 /* Pods-LetsMeet.release.xcconfig */;
			buildSettings = {
				ASSETCATALOG_COMPILER_APPICON_NAME = AppIcon;
				ASSETCATALOG_COMPILER_GLOBAL_ACCENT_COLOR_NAME = AccentColor;
				CODE_SIGN_STYLE = Automatic;
				DEVELOPMENT_TEAM = K924X73642;
				INFOPLIST_FILE = LetsMeet/Info.plist;
				LD_RUNPATH_SEARCH_PATHS = (
					"$(inherited)",
					"@executable_path/Frameworks",
				);
				PRODUCT_BUNDLE_IDENTIFIER = com.tanvirgeek.LetsMeet;
				PRODUCT_NAME = "$(TARGET_NAME)";
				SWIFT_VERSION = 5.0;
				TARGETED_DEVICE_FAMILY = 1;
			};
			name = Release;
		};
/* End XCBuildConfiguration section */

/* Begin XCConfigurationList section */
		EB97BDAA26B7C0E700200F0A /* Build configuration list for PBXProject "LetsMeet" */ = {
			isa = XCConfigurationList;
			buildConfigurations = (
				EB97BDC126B7C0E900200F0A /* Debug */,
				EB97BDC226B7C0E900200F0A /* Release */,
			);
			defaultConfigurationIsVisible = 0;
			defaultConfigurationName = Release;
		};
		EB97BDC326B7C0E900200F0A /* Build configuration list for PBXNativeTarget "LetsMeet" */ = {
			isa = XCConfigurationList;
			buildConfigurations = (
				EB97BDC426B7C0E900200F0A /* Debug */,
				EB97BDC526B7C0E900200F0A /* Release */,
			);
			defaultConfigurationIsVisible = 0;
			defaultConfigurationName = Release;
		};
/* End XCConfigurationList section */
	};
	rootObject = EB97BDA726B7C0E700200F0A /* Project object */;
}
